// !$*UTF8*$!
{
	archiveVersion = 1;
	classes = {
	};
	objectVersion = 56;
	objects = {

/* Begin PBXBuildFile section */
		595705912AFDCE9F0035B247 /* Category.swift in Sources */ = {isa = PBXBuildFile; fileRef = 595705902AFDCE9F0035B247 /* Category.swift */; };
		595705932AFDCFD20035B247 /* SearchViewModel.swift in Sources */ = {isa = PBXBuildFile; fileRef = 595705922AFDCFD20035B247 /* SearchViewModel.swift */; };
		595705952AFDD64D0035B247 /* CategoryView.swift in Sources */ = {isa = PBXBuildFile; fileRef = 595705942AFDD64D0035B247 /* CategoryView.swift */; };
		595705972AFDD6790035B247 /* CategoryViewModel.swift in Sources */ = {isa = PBXBuildFile; fileRef = 595705962AFDD6790035B247 /* CategoryViewModel.swift */; };
		595705992AFDE5910035B247 /* SearchResult.swift in Sources */ = {isa = PBXBuildFile; fileRef = 595705982AFDE5910035B247 /* SearchResult.swift */; };
		5957059B2AFDE70D0035B247 /* Podcast.swift in Sources */ = {isa = PBXBuildFile; fileRef = 5957059A2AFDE70D0035B247 /* Podcast.swift */; };
		5957059D2AFECD920035B247 /* PlayerViewModel.swift in Sources */ = {isa = PBXBuildFile; fileRef = 5957059C2AFECD920035B247 /* PlayerViewModel.swift */; };
		59ABFBE92AFB313B005C2DE6 /* Album.swift in Sources */ = {isa = PBXBuildFile; fileRef = 59ABFBE82AFB313B005C2DE6 /* Album.swift */; };
		59ABFBEB2AFB39AD005C2DE6 /* Genres.swift in Sources */ = {isa = PBXBuildFile; fileRef = 59ABFBEA2AFB39AD005C2DE6 /* Genres.swift */; };
		59ABFBEE2AFBB04A005C2DE6 /* Teko.ttf in Resources */ = {isa = PBXBuildFile; fileRef = 59ABFBED2AFBB04A005C2DE6 /* Teko.ttf */; };
		59ABFBF12AFBC011005C2DE6 /* AlbumViewModel.swift in Sources */ = {isa = PBXBuildFile; fileRef = 59ABFBF02AFBC011005C2DE6 /* AlbumViewModel.swift */; };
		59ABFBF32AFBC1D0005C2DE6 /* PlaylistViewModel.swift in Sources */ = {isa = PBXBuildFile; fileRef = 59ABFBF22AFBC1D0005C2DE6 /* PlaylistViewModel.swift */; };
		59ABFBF52AFBC20A005C2DE6 /* AlbumView.swift in Sources */ = {isa = PBXBuildFile; fileRef = 59ABFBF42AFBC20A005C2DE6 /* AlbumView.swift */; };
		59D694742AF6178600FDA1C3 /* AudioAbyssApp.swift in Sources */ = {isa = PBXBuildFile; fileRef = 59D694732AF6178600FDA1C3 /* AudioAbyssApp.swift */; };
		59D694762AF6178600FDA1C3 /* ContentView.swift in Sources */ = {isa = PBXBuildFile; fileRef = 59D694752AF6178600FDA1C3 /* ContentView.swift */; };
		59D694782AF6178700FDA1C3 /* Assets.xcassets in Resources */ = {isa = PBXBuildFile; fileRef = 59D694772AF6178700FDA1C3 /* Assets.xcassets */; };
		59D6947B2AF6178700FDA1C3 /* Preview Assets.xcassets in Resources */ = {isa = PBXBuildFile; fileRef = 59D6947A2AF6178700FDA1C3 /* Preview Assets.xcassets */; };
		59D694852AF6178800FDA1C3 /* AudioAbyssTests.swift in Sources */ = {isa = PBXBuildFile; fileRef = 59D694842AF6178800FDA1C3 /* AudioAbyssTests.swift */; };
		59D6948F2AF6178800FDA1C3 /* AudioAbyssUITests.swift in Sources */ = {isa = PBXBuildFile; fileRef = 59D6948E2AF6178800FDA1C3 /* AudioAbyssUITests.swift */; };
		59D694912AF6178800FDA1C3 /* AudioAbyssUITestsLaunchTests.swift in Sources */ = {isa = PBXBuildFile; fileRef = 59D694902AF6178800FDA1C3 /* AudioAbyssUITestsLaunchTests.swift */; };
		59D694A22AF618B500FDA1C3 /* MainMenuView.swift in Sources */ = {isa = PBXBuildFile; fileRef = 59D694A12AF618B500FDA1C3 /* MainMenuView.swift */; };
		59D694A42AF618C400FDA1C3 /* SearchView.swift in Sources */ = {isa = PBXBuildFile; fileRef = 59D694A32AF618C400FDA1C3 /* SearchView.swift */; };
		59D694A62AF618D900FDA1C3 /* LibraryView.swift in Sources */ = {isa = PBXBuildFile; fileRef = 59D694A52AF618D900FDA1C3 /* LibraryView.swift */; };
		59D694A82AF618FF00FDA1C3 /* AuthView.swift in Sources */ = {isa = PBXBuildFile; fileRef = 59D694A72AF618FF00FDA1C3 /* AuthView.swift */; };
		59D694AA2AF6191E00FDA1C3 /* OnboardingView.swift in Sources */ = {isa = PBXBuildFile; fileRef = 59D694A92AF6191E00FDA1C3 /* OnboardingView.swift */; };
		59D694AE2AF6195000FDA1C3 /* ProfileView.swift in Sources */ = {isa = PBXBuildFile; fileRef = 59D694AD2AF6195000FDA1C3 /* ProfileView.swift */; };
		59D694B02AF6195A00FDA1C3 /* PlayerView.swift in Sources */ = {isa = PBXBuildFile; fileRef = 59D694AF2AF6195A00FDA1C3 /* PlayerView.swift */; };
		59D694B22AF6197200FDA1C3 /* PlaylistView.swift in Sources */ = {isa = PBXBuildFile; fileRef = 59D694B12AF6197200FDA1C3 /* PlaylistView.swift */; };
		59D694B72AF619E400FDA1C3 /* AuthManager.swift in Sources */ = {isa = PBXBuildFile; fileRef = 59D694B62AF619E400FDA1C3 /* AuthManager.swift */; };
		59D694B92AF619F200FDA1C3 /* NetworkManager.swift in Sources */ = {isa = PBXBuildFile; fileRef = 59D694B82AF619F200FDA1C3 /* NetworkManager.swift */; };
		59D694BB2AF61A1100FDA1C3 /* HapticsManager.swift in Sources */ = {isa = PBXBuildFile; fileRef = 59D694BA2AF61A1100FDA1C3 /* HapticsManager.swift */; };
		59D694BD2AF61A3A00FDA1C3 /* Playlist.swift in Sources */ = {isa = PBXBuildFile; fileRef = 59D694BC2AF61A3A00FDA1C3 /* Playlist.swift */; };
		59D694BF2AF61A4500FDA1C3 /* AudioTrack.swift in Sources */ = {isa = PBXBuildFile; fileRef = 59D694BE2AF61A4500FDA1C3 /* AudioTrack.swift */; };
		59D694C12AF61A5700FDA1C3 /* Artist.swift in Sources */ = {isa = PBXBuildFile; fileRef = 59D694C02AF61A5700FDA1C3 /* Artist.swift */; };
		59D694C32AF61A5E00FDA1C3 /* User.swift in Sources */ = {isa = PBXBuildFile; fileRef = 59D694C22AF61A5E00FDA1C3 /* User.swift */; };
		59D694C52AF647B100FDA1C3 /* Authorization.swift in Sources */ = {isa = PBXBuildFile; fileRef = 59D694C42AF647B100FDA1C3 /* Authorization.swift */; };
		59D694CA2AFB06EA00FDA1C3 /* SDWebImageSwiftUI in Frameworks */ = {isa = PBXBuildFile; productRef = 59D694C92AFB06EA00FDA1C3 /* SDWebImageSwiftUI */; };
		59D694CE2AFB11AE00FDA1C3 /* Image.swift in Sources */ = {isa = PBXBuildFile; fileRef = 59D694CD2AFB11AE00FDA1C3 /* Image.swift */; };
		59D694D02AFB127B00FDA1C3 /* MainMenuViewModel.swift in Sources */ = {isa = PBXBuildFile; fileRef = 59D694CF2AFB127B00FDA1C3 /* MainMenuViewModel.swift */; };
		59D694D42AFB23B000FDA1C3 /* ProfileViewModel.swift in Sources */ = {isa = PBXBuildFile; fileRef = 59D694D32AFB23B000FDA1C3 /* ProfileViewModel.swift */; };
/* End PBXBuildFile section */

/* Begin PBXContainerItemProxy section */
		59D694812AF6178800FDA1C3 /* PBXContainerItemProxy */ = {
			isa = PBXContainerItemProxy;
			containerPortal = 59D694682AF6178600FDA1C3 /* Project object */;
			proxyType = 1;
			remoteGlobalIDString = 59D6946F2AF6178600FDA1C3;
			remoteInfo = AudioAbyss;
		};
		59D6948B2AF6178800FDA1C3 /* PBXContainerItemProxy */ = {
			isa = PBXContainerItemProxy;
			containerPortal = 59D694682AF6178600FDA1C3 /* Project object */;
			proxyType = 1;
			remoteGlobalIDString = 59D6946F2AF6178600FDA1C3;
			remoteInfo = AudioAbyss;
		};
/* End PBXContainerItemProxy section */

/* Begin PBXFileReference section */
		595705902AFDCE9F0035B247 /* Category.swift */ = {isa = PBXFileReference; lastKnownFileType = sourcecode.swift; path = Category.swift; sourceTree = "<group>"; };
		595705922AFDCFD20035B247 /* SearchViewModel.swift */ = {isa = PBXFileReference; lastKnownFileType = sourcecode.swift; path = SearchViewModel.swift; sourceTree = "<group>"; };
		595705942AFDD64D0035B247 /* CategoryView.swift */ = {isa = PBXFileReference; lastKnownFileType = sourcecode.swift; path = CategoryView.swift; sourceTree = "<group>"; };
		595705962AFDD6790035B247 /* CategoryViewModel.swift */ = {isa = PBXFileReference; lastKnownFileType = sourcecode.swift; path = CategoryViewModel.swift; sourceTree = "<group>"; };
		595705982AFDE5910035B247 /* SearchResult.swift */ = {isa = PBXFileReference; lastKnownFileType = sourcecode.swift; path = SearchResult.swift; sourceTree = "<group>"; };
		5957059A2AFDE70D0035B247 /* Podcast.swift */ = {isa = PBXFileReference; lastKnownFileType = sourcecode.swift; path = Podcast.swift; sourceTree = "<group>"; };
		5957059C2AFECD920035B247 /* PlayerViewModel.swift */ = {isa = PBXFileReference; lastKnownFileType = sourcecode.swift; path = PlayerViewModel.swift; sourceTree = "<group>"; };
		59ABFBE82AFB313B005C2DE6 /* Album.swift */ = {isa = PBXFileReference; lastKnownFileType = sourcecode.swift; path = Album.swift; sourceTree = "<group>"; };
		59ABFBEA2AFB39AD005C2DE6 /* Genres.swift */ = {isa = PBXFileReference; lastKnownFileType = sourcecode.swift; path = Genres.swift; sourceTree = "<group>"; };
		59ABFBED2AFBB04A005C2DE6 /* Teko.ttf */ = {isa = PBXFileReference; lastKnownFileType = file; path = Teko.ttf; sourceTree = "<group>"; };
		59ABFBEF2AFBB05E005C2DE6 /* Info.plist */ = {isa = PBXFileReference; lastKnownFileType = text.plist; path = Info.plist; sourceTree = "<group>"; };
		59ABFBF02AFBC011005C2DE6 /* AlbumViewModel.swift */ = {isa = PBXFileReference; lastKnownFileType = sourcecode.swift; path = AlbumViewModel.swift; sourceTree = "<group>"; };
		59ABFBF22AFBC1D0005C2DE6 /* PlaylistViewModel.swift */ = {isa = PBXFileReference; lastKnownFileType = sourcecode.swift; path = PlaylistViewModel.swift; sourceTree = "<group>"; };
		59ABFBF42AFBC20A005C2DE6 /* AlbumView.swift */ = {isa = PBXFileReference; lastKnownFileType = sourcecode.swift; path = AlbumView.swift; sourceTree = "<group>"; };
		59D694702AF6178600FDA1C3 /* AudioAbyss.app */ = {isa = PBXFileReference; explicitFileType = wrapper.application; includeInIndex = 0; path = AudioAbyss.app; sourceTree = BUILT_PRODUCTS_DIR; };
		59D694732AF6178600FDA1C3 /* AudioAbyssApp.swift */ = {isa = PBXFileReference; lastKnownFileType = sourcecode.swift; path = AudioAbyssApp.swift; sourceTree = "<group>"; };
		59D694752AF6178600FDA1C3 /* ContentView.swift */ = {isa = PBXFileReference; lastKnownFileType = sourcecode.swift; path = ContentView.swift; sourceTree = "<group>"; };
		59D694772AF6178700FDA1C3 /* Assets.xcassets */ = {isa = PBXFileReference; lastKnownFileType = folder.assetcatalog; path = Assets.xcassets; sourceTree = "<group>"; };
		59D6947A2AF6178700FDA1C3 /* Preview Assets.xcassets */ = {isa = PBXFileReference; lastKnownFileType = folder.assetcatalog; path = "Preview Assets.xcassets"; sourceTree = "<group>"; };
		59D694802AF6178800FDA1C3 /* AudioAbyssTests.xctest */ = {isa = PBXFileReference; explicitFileType = wrapper.cfbundle; includeInIndex = 0; path = AudioAbyssTests.xctest; sourceTree = BUILT_PRODUCTS_DIR; };
		59D694842AF6178800FDA1C3 /* AudioAbyssTests.swift */ = {isa = PBXFileReference; lastKnownFileType = sourcecode.swift; path = AudioAbyssTests.swift; sourceTree = "<group>"; };
		59D6948A2AF6178800FDA1C3 /* AudioAbyssUITests.xctest */ = {isa = PBXFileReference; explicitFileType = wrapper.cfbundle; includeInIndex = 0; path = AudioAbyssUITests.xctest; sourceTree = BUILT_PRODUCTS_DIR; };
		59D6948E2AF6178800FDA1C3 /* AudioAbyssUITests.swift */ = {isa = PBXFileReference; lastKnownFileType = sourcecode.swift; path = AudioAbyssUITests.swift; sourceTree = "<group>"; };
		59D694902AF6178800FDA1C3 /* AudioAbyssUITestsLaunchTests.swift */ = {isa = PBXFileReference; lastKnownFileType = sourcecode.swift; path = AudioAbyssUITestsLaunchTests.swift; sourceTree = "<group>"; };
		59D694A12AF618B500FDA1C3 /* MainMenuView.swift */ = {isa = PBXFileReference; lastKnownFileType = sourcecode.swift; path = MainMenuView.swift; sourceTree = "<group>"; };
		59D694A32AF618C400FDA1C3 /* SearchView.swift */ = {isa = PBXFileReference; lastKnownFileType = sourcecode.swift; path = SearchView.swift; sourceTree = "<group>"; };
		59D694A52AF618D900FDA1C3 /* LibraryView.swift */ = {isa = PBXFileReference; lastKnownFileType = sourcecode.swift; path = LibraryView.swift; sourceTree = "<group>"; };
		59D694A72AF618FF00FDA1C3 /* AuthView.swift */ = {isa = PBXFileReference; lastKnownFileType = sourcecode.swift; path = AuthView.swift; sourceTree = "<group>"; };
		59D694A92AF6191E00FDA1C3 /* OnboardingView.swift */ = {isa = PBXFileReference; lastKnownFileType = sourcecode.swift; path = OnboardingView.swift; sourceTree = "<group>"; };
		59D694AD2AF6195000FDA1C3 /* ProfileView.swift */ = {isa = PBXFileReference; lastKnownFileType = sourcecode.swift; path = ProfileView.swift; sourceTree = "<group>"; };
		59D694AF2AF6195A00FDA1C3 /* PlayerView.swift */ = {isa = PBXFileReference; lastKnownFileType = sourcecode.swift; path = PlayerView.swift; sourceTree = "<group>"; };
		59D694B12AF6197200FDA1C3 /* PlaylistView.swift */ = {isa = PBXFileReference; lastKnownFileType = sourcecode.swift; path = PlaylistView.swift; sourceTree = "<group>"; };
		59D694B62AF619E400FDA1C3 /* AuthManager.swift */ = {isa = PBXFileReference; lastKnownFileType = sourcecode.swift; path = AuthManager.swift; sourceTree = "<group>"; };
		59D694B82AF619F200FDA1C3 /* NetworkManager.swift */ = {isa = PBXFileReference; lastKnownFileType = sourcecode.swift; path = NetworkManager.swift; sourceTree = "<group>"; };
		59D694BA2AF61A1100FDA1C3 /* HapticsManager.swift */ = {isa = PBXFileReference; lastKnownFileType = sourcecode.swift; path = HapticsManager.swift; sourceTree = "<group>"; };
		59D694BC2AF61A3A00FDA1C3 /* Playlist.swift */ = {isa = PBXFileReference; lastKnownFileType = sourcecode.swift; path = Playlist.swift; sourceTree = "<group>"; };
		59D694BE2AF61A4500FDA1C3 /* AudioTrack.swift */ = {isa = PBXFileReference; lastKnownFileType = sourcecode.swift; path = AudioTrack.swift; sourceTree = "<group>"; };
		59D694C02AF61A5700FDA1C3 /* Artist.swift */ = {isa = PBXFileReference; lastKnownFileType = sourcecode.swift; path = Artist.swift; sourceTree = "<group>"; };
		59D694C22AF61A5E00FDA1C3 /* User.swift */ = {isa = PBXFileReference; lastKnownFileType = sourcecode.swift; path = User.swift; sourceTree = "<group>"; };
		59D694C42AF647B100FDA1C3 /* Authorization.swift */ = {isa = PBXFileReference; lastKnownFileType = sourcecode.swift; path = Authorization.swift; sourceTree = "<group>"; };
		59D694CD2AFB11AE00FDA1C3 /* Image.swift */ = {isa = PBXFileReference; lastKnownFileType = sourcecode.swift; path = Image.swift; sourceTree = "<group>"; };
		59D694CF2AFB127B00FDA1C3 /* MainMenuViewModel.swift */ = {isa = PBXFileReference; lastKnownFileType = sourcecode.swift; path = MainMenuViewModel.swift; sourceTree = "<group>"; };
		59D694D32AFB23B000FDA1C3 /* ProfileViewModel.swift */ = {isa = PBXFileReference; fileEncoding = 4; lastKnownFileType = sourcecode.swift; path = ProfileViewModel.swift; sourceTree = "<group>"; };
/* End PBXFileReference section */

/* Begin PBXFrameworksBuildPhase section */
		59D6946D2AF6178600FDA1C3 /* Frameworks */ = {
			isa = PBXFrameworksBuildPhase;
			buildActionMask = 2147483647;
			files = (
				59D694CA2AFB06EA00FDA1C3 /* SDWebImageSwiftUI in Frameworks */,
			);
			runOnlyForDeploymentPostprocessing = 0;
		};
		59D6947D2AF6178800FDA1C3 /* Frameworks */ = {
			isa = PBXFrameworksBuildPhase;
			buildActionMask = 2147483647;
			files = (
			);
			runOnlyForDeploymentPostprocessing = 0;
		};
		59D694872AF6178800FDA1C3 /* Frameworks */ = {
			isa = PBXFrameworksBuildPhase;
			buildActionMask = 2147483647;
			files = (
			);
			runOnlyForDeploymentPostprocessing = 0;
		};
/* End PBXFrameworksBuildPhase section */

/* Begin PBXGroup section */
		59ABFBEC2AFBB038005C2DE6 /* Fonts */ = {
			isa = PBXGroup;
			children = (
				59ABFBED2AFBB04A005C2DE6 /* Teko.ttf */,
			);
			path = Fonts;
			sourceTree = "<group>";
		};
		59D694672AF6178600FDA1C3 = {
			isa = PBXGroup;
			children = (
				59D694722AF6178600FDA1C3 /* AudioAbyss */,
				59D694832AF6178800FDA1C3 /* AudioAbyssTests */,
				59D6948D2AF6178800FDA1C3 /* AudioAbyssUITests */,
				59D694712AF6178600FDA1C3 /* Products */,
			);
			sourceTree = "<group>";
		};
		59D694712AF6178600FDA1C3 /* Products */ = {
			isa = PBXGroup;
			children = (
				59D694702AF6178600FDA1C3 /* AudioAbyss.app */,
				59D694802AF6178800FDA1C3 /* AudioAbyssTests.xctest */,
				59D6948A2AF6178800FDA1C3 /* AudioAbyssUITests.xctest */,
			);
			name = Products;
			sourceTree = "<group>";
		};
		59D694722AF6178600FDA1C3 /* AudioAbyss */ = {
			isa = PBXGroup;
			children = (
				59ABFBEF2AFBB05E005C2DE6 /* Info.plist */,
				59D694732AF6178600FDA1C3 /* AudioAbyssApp.swift */,
				59D694772AF6178700FDA1C3 /* Assets.xcassets */,
				59ABFBEC2AFBB038005C2DE6 /* Fonts */,
				59D6949D2AF6178D00FDA1C3 /* Views */,
				59D6949E2AF6179200FDA1C3 /* ViewModels */,
				59D6949F2AF6179B00FDA1C3 /* Models */,
				59D694A02AF617D500FDA1C3 /* Managers */,
				59D694792AF6178700FDA1C3 /* Preview Content */,
			);
			path = AudioAbyss;
			sourceTree = "<group>";
		};
		59D694792AF6178700FDA1C3 /* Preview Content */ = {
			isa = PBXGroup;
			children = (
				59D6947A2AF6178700FDA1C3 /* Preview Assets.xcassets */,
			);
			path = "Preview Content";
			sourceTree = "<group>";
		};
		59D694832AF6178800FDA1C3 /* AudioAbyssTests */ = {
			isa = PBXGroup;
			children = (
				59D694842AF6178800FDA1C3 /* AudioAbyssTests.swift */,
			);
			path = AudioAbyssTests;
			sourceTree = "<group>";
		};
		59D6948D2AF6178800FDA1C3 /* AudioAbyssUITests */ = {
			isa = PBXGroup;
			children = (
				59D6948E2AF6178800FDA1C3 /* AudioAbyssUITests.swift */,
				59D694902AF6178800FDA1C3 /* AudioAbyssUITestsLaunchTests.swift */,
			);
			path = AudioAbyssUITests;
			sourceTree = "<group>";
		};
		59D6949D2AF6178D00FDA1C3 /* Views */ = {
			isa = PBXGroup;
			children = (
				59D694752AF6178600FDA1C3 /* ContentView.swift */,
				59D694B32AF6198300FDA1C3 /* Core */,
				59D694B42AF6199200FDA1C3 /* Other */,
			);
			path = Views;
			sourceTree = "<group>";
		};
		59D6949E2AF6179200FDA1C3 /* ViewModels */ = {
			isa = PBXGroup;
			children = (
				59D694D32AFB23B000FDA1C3 /* ProfileViewModel.swift */,
				59D694CF2AFB127B00FDA1C3 /* MainMenuViewModel.swift */,
				59ABFBF02AFBC011005C2DE6 /* AlbumViewModel.swift */,
				59ABFBF22AFBC1D0005C2DE6 /* PlaylistViewModel.swift */,
				595705922AFDCFD20035B247 /* SearchViewModel.swift */,
				595705962AFDD6790035B247 /* CategoryViewModel.swift */,
				5957059C2AFECD920035B247 /* PlayerViewModel.swift */,
			);
			path = ViewModels;
			sourceTree = "<group>";
		};
		59D6949F2AF6179B00FDA1C3 /* Models */ = {
			isa = PBXGroup;
			children = (
				59ABFBE82AFB313B005C2DE6 /* Album.swift */,
				59D694C02AF61A5700FDA1C3 /* Artist.swift */,
				59D694BC2AF61A3A00FDA1C3 /* Playlist.swift */,
				5957059A2AFDE70D0035B247 /* Podcast.swift */,
				59D694BE2AF61A4500FDA1C3 /* AudioTrack.swift */,
				595705902AFDCE9F0035B247 /* Category.swift */,
				59ABFBEA2AFB39AD005C2DE6 /* Genres.swift */,
				59D694CD2AFB11AE00FDA1C3 /* Image.swift */,
				595705982AFDE5910035B247 /* SearchResult.swift */,
				59D694C22AF61A5E00FDA1C3 /* User.swift */,
				59D694C42AF647B100FDA1C3 /* Authorization.swift */,
			);
			path = Models;
			sourceTree = "<group>";
		};
		59D694A02AF617D500FDA1C3 /* Managers */ = {
			isa = PBXGroup;
			children = (
				59D694B62AF619E400FDA1C3 /* AuthManager.swift */,
				59D694B82AF619F200FDA1C3 /* NetworkManager.swift */,
				59D694BA2AF61A1100FDA1C3 /* HapticsManager.swift */,
			);
			path = Managers;
			sourceTree = "<group>";
		};
		59D694B32AF6198300FDA1C3 /* Core */ = {
			isa = PBXGroup;
			children = (
				59D694A12AF618B500FDA1C3 /* MainMenuView.swift */,
				59D694A32AF618C400FDA1C3 /* SearchView.swift */,
				59D694A52AF618D900FDA1C3 /* LibraryView.swift */,
				59D694AD2AF6195000FDA1C3 /* ProfileView.swift */,
			);
			path = Core;
			sourceTree = "<group>";
		};
		59D694B42AF6199200FDA1C3 /* Other */ = {
			isa = PBXGroup;
			children = (
				59D694A72AF618FF00FDA1C3 /* AuthView.swift */,
				59D694A92AF6191E00FDA1C3 /* OnboardingView.swift */,
				59D694AF2AF6195A00FDA1C3 /* PlayerView.swift */,
				59D694B12AF6197200FDA1C3 /* PlaylistView.swift */,
				59ABFBF42AFBC20A005C2DE6 /* AlbumView.swift */,
				595705942AFDD64D0035B247 /* CategoryView.swift */,
			);
			path = Other;
			sourceTree = "<group>";
		};
/* End PBXGroup section */

/* Begin PBXNativeTarget section */
		59D6946F2AF6178600FDA1C3 /* AudioAbyss */ = {
			isa = PBXNativeTarget;
			buildConfigurationList = 59D694942AF6178800FDA1C3 /* Build configuration list for PBXNativeTarget "AudioAbyss" */;
			buildPhases = (
				59D6946C2AF6178600FDA1C3 /* Sources */,
				59D6946D2AF6178600FDA1C3 /* Frameworks */,
				59D6946E2AF6178600FDA1C3 /* Resources */,
			);
			buildRules = (
			);
			dependencies = (
			);
			name = AudioAbyss;
			packageProductDependencies = (
				59D694C92AFB06EA00FDA1C3 /* SDWebImageSwiftUI */,
			);
			productName = AudioAbyss;
			productReference = 59D694702AF6178600FDA1C3 /* AudioAbyss.app */;
			productType = "com.apple.product-type.application";
		};
		59D6947F2AF6178800FDA1C3 /* AudioAbyssTests */ = {
			isa = PBXNativeTarget;
			buildConfigurationList = 59D694972AF6178800FDA1C3 /* Build configuration list for PBXNativeTarget "AudioAbyssTests" */;
			buildPhases = (
				59D6947C2AF6178800FDA1C3 /* Sources */,
				59D6947D2AF6178800FDA1C3 /* Frameworks */,
				59D6947E2AF6178800FDA1C3 /* Resources */,
			);
			buildRules = (
			);
			dependencies = (
				59D694822AF6178800FDA1C3 /* PBXTargetDependency */,
			);
			name = AudioAbyssTests;
			productName = AudioAbyssTests;
			productReference = 59D694802AF6178800FDA1C3 /* AudioAbyssTests.xctest */;
			productType = "com.apple.product-type.bundle.unit-test";
		};
		59D694892AF6178800FDA1C3 /* AudioAbyssUITests */ = {
			isa = PBXNativeTarget;
			buildConfigurationList = 59D6949A2AF6178800FDA1C3 /* Build configuration list for PBXNativeTarget "AudioAbyssUITests" */;
			buildPhases = (
				59D694862AF6178800FDA1C3 /* Sources */,
				59D694872AF6178800FDA1C3 /* Frameworks */,
				59D694882AF6178800FDA1C3 /* Resources */,
			);
			buildRules = (
			);
			dependencies = (
				59D6948C2AF6178800FDA1C3 /* PBXTargetDependency */,
			);
			name = AudioAbyssUITests;
			productName = AudioAbyssUITests;
			productReference = 59D6948A2AF6178800FDA1C3 /* AudioAbyssUITests.xctest */;
			productType = "com.apple.product-type.bundle.ui-testing";
		};
/* End PBXNativeTarget section */

/* Begin PBXProject section */
		59D694682AF6178600FDA1C3 /* Project object */ = {
			isa = PBXProject;
			attributes = {
				BuildIndependentTargetsInParallel = 1;
				LastSwiftUpdateCheck = 1500;
				LastUpgradeCheck = 1500;
				TargetAttributes = {
					59D6946F2AF6178600FDA1C3 = {
						CreatedOnToolsVersion = 15.0;
					};
					59D6947F2AF6178800FDA1C3 = {
						CreatedOnToolsVersion = 15.0;
						TestTargetID = 59D6946F2AF6178600FDA1C3;
					};
					59D694892AF6178800FDA1C3 = {
						CreatedOnToolsVersion = 15.0;
						TestTargetID = 59D6946F2AF6178600FDA1C3;
					};
				};
			};
			buildConfigurationList = 59D6946B2AF6178600FDA1C3 /* Build configuration list for PBXProject "AudioAbyss" */;
			compatibilityVersion = "Xcode 14.0";
			developmentRegion = en;
			hasScannedForEncodings = 0;
			knownRegions = (
				en,
				Base,
			);
			mainGroup = 59D694672AF6178600FDA1C3;
			packageReferences = (
				59D694C82AFB06EA00FDA1C3 /* XCRemoteSwiftPackageReference "SDWebImageSwiftUI" */,
			);
			productRefGroup = 59D694712AF6178600FDA1C3 /* Products */;
			projectDirPath = "";
			projectRoot = "";
			targets = (
				59D6946F2AF6178600FDA1C3 /* AudioAbyss */,
				59D6947F2AF6178800FDA1C3 /* AudioAbyssTests */,
				59D694892AF6178800FDA1C3 /* AudioAbyssUITests */,
			);
		};
/* End PBXProject section */

/* Begin PBXResourcesBuildPhase section */
		59D6946E2AF6178600FDA1C3 /* Resources */ = {
			isa = PBXResourcesBuildPhase;
			buildActionMask = 2147483647;
			files = (
				59D6947B2AF6178700FDA1C3 /* Preview Assets.xcassets in Resources */,
				59ABFBEE2AFBB04A005C2DE6 /* Teko.ttf in Resources */,
				59D694782AF6178700FDA1C3 /* Assets.xcassets in Resources */,
			);
			runOnlyForDeploymentPostprocessing = 0;
		};
		59D6947E2AF6178800FDA1C3 /* Resources */ = {
			isa = PBXResourcesBuildPhase;
			buildActionMask = 2147483647;
			files = (
			);
			runOnlyForDeploymentPostprocessing = 0;
		};
		59D694882AF6178800FDA1C3 /* Resources */ = {
			isa = PBXResourcesBuildPhase;
			buildActionMask = 2147483647;
			files = (
			);
			runOnlyForDeploymentPostprocessing = 0;
		};
/* End PBXResourcesBuildPhase section */

/* Begin PBXSourcesBuildPhase section */
		59D6946C2AF6178600FDA1C3 /* Sources */ = {
			isa = PBXSourcesBuildPhase;
			buildActionMask = 2147483647;
			files = (
				59ABFBF12AFBC011005C2DE6 /* AlbumViewModel.swift in Sources */,
				59ABFBE92AFB313B005C2DE6 /* Album.swift in Sources */,
				59D694A42AF618C400FDA1C3 /* SearchView.swift in Sources */,
				59D694B72AF619E400FDA1C3 /* AuthManager.swift in Sources */,
				59D694BF2AF61A4500FDA1C3 /* AudioTrack.swift in Sources */,
				59D694BB2AF61A1100FDA1C3 /* HapticsManager.swift in Sources */,
				5957059B2AFDE70D0035B247 /* Podcast.swift in Sources */,
				59ABFBF52AFBC20A005C2DE6 /* AlbumView.swift in Sources */,
				59D694D02AFB127B00FDA1C3 /* MainMenuViewModel.swift in Sources */,
				59ABFBF32AFBC1D0005C2DE6 /* PlaylistViewModel.swift in Sources */,
				59D694B92AF619F200FDA1C3 /* NetworkManager.swift in Sources */,
				59D694D42AFB23B000FDA1C3 /* ProfileViewModel.swift in Sources */,
				59D694AE2AF6195000FDA1C3 /* ProfileView.swift in Sources */,
				59D694B02AF6195A00FDA1C3 /* PlayerView.swift in Sources */,
				59ABFBEB2AFB39AD005C2DE6 /* Genres.swift in Sources */,
				59D694CE2AFB11AE00FDA1C3 /* Image.swift in Sources */,
				59D694A22AF618B500FDA1C3 /* MainMenuView.swift in Sources */,
				59D694B22AF6197200FDA1C3 /* PlaylistView.swift in Sources */,
				59D694C52AF647B100FDA1C3 /* Authorization.swift in Sources */,
				59D694A82AF618FF00FDA1C3 /* AuthView.swift in Sources */,
				59D694762AF6178600FDA1C3 /* ContentView.swift in Sources */,
				5957059D2AFECD920035B247 /* PlayerViewModel.swift in Sources */,
				59D694A62AF618D900FDA1C3 /* LibraryView.swift in Sources */,
				59D694742AF6178600FDA1C3 /* AudioAbyssApp.swift in Sources */,
				595705972AFDD6790035B247 /* CategoryViewModel.swift in Sources */,
				595705952AFDD64D0035B247 /* CategoryView.swift in Sources */,
				595705932AFDCFD20035B247 /* SearchViewModel.swift in Sources */,
				59D694C32AF61A5E00FDA1C3 /* User.swift in Sources */,
				595705912AFDCE9F0035B247 /* Category.swift in Sources */,
				59D694C12AF61A5700FDA1C3 /* Artist.swift in Sources */,
				59D694AA2AF6191E00FDA1C3 /* OnboardingView.swift in Sources */,
				595705992AFDE5910035B247 /* SearchResult.swift in Sources */,
				59D694BD2AF61A3A00FDA1C3 /* Playlist.swift in Sources */,
			);
			runOnlyForDeploymentPostprocessing = 0;
		};
		59D6947C2AF6178800FDA1C3 /* Sources */ = {
			isa = PBXSourcesBuildPhase;
			buildActionMask = 2147483647;
			files = (
				59D694852AF6178800FDA1C3 /* AudioAbyssTests.swift in Sources */,
			);
			runOnlyForDeploymentPostprocessing = 0;
		};
		59D694862AF6178800FDA1C3 /* Sources */ = {
			isa = PBXSourcesBuildPhase;
			buildActionMask = 2147483647;
			files = (
				59D694912AF6178800FDA1C3 /* AudioAbyssUITestsLaunchTests.swift in Sources */,
				59D6948F2AF6178800FDA1C3 /* AudioAbyssUITests.swift in Sources */,
			);
			runOnlyForDeploymentPostprocessing = 0;
		};
/* End PBXSourcesBuildPhase section */

/* Begin PBXTargetDependency section */
		59D694822AF6178800FDA1C3 /* PBXTargetDependency */ = {
			isa = PBXTargetDependency;
			target = 59D6946F2AF6178600FDA1C3 /* AudioAbyss */;
			targetProxy = 59D694812AF6178800FDA1C3 /* PBXContainerItemProxy */;
		};
		59D6948C2AF6178800FDA1C3 /* PBXTargetDependency */ = {
			isa = PBXTargetDependency;
			target = 59D6946F2AF6178600FDA1C3 /* AudioAbyss */;
			targetProxy = 59D6948B2AF6178800FDA1C3 /* PBXContainerItemProxy */;
		};
/* End PBXTargetDependency section */

/* Begin XCBuildConfiguration section */
		59D694922AF6178800FDA1C3 /* Debug */ = {
			isa = XCBuildConfiguration;
			buildSettings = {
				ALWAYS_SEARCH_USER_PATHS = NO;
				ASSETCATALOG_COMPILER_GENERATE_SWIFT_ASSET_SYMBOL_EXTENSIONS = YES;
				CLANG_ANALYZER_NONNULL = YES;
				CLANG_ANALYZER_NUMBER_OBJECT_CONVERSION = YES_AGGRESSIVE;
				CLANG_CXX_LANGUAGE_STANDARD = "gnu++20";
				CLANG_ENABLE_MODULES = YES;
				CLANG_ENABLE_OBJC_ARC = YES;
				CLANG_ENABLE_OBJC_WEAK = YES;
				CLANG_WARN_BLOCK_CAPTURE_AUTORELEASING = YES;
				CLANG_WARN_BOOL_CONVERSION = YES;
				CLANG_WARN_COMMA = YES;
				CLANG_WARN_CONSTANT_CONVERSION = YES;
				CLANG_WARN_DEPRECATED_OBJC_IMPLEMENTATIONS = YES;
				CLANG_WARN_DIRECT_OBJC_ISA_USAGE = YES_ERROR;
				CLANG_WARN_DOCUMENTATION_COMMENTS = YES;
				CLANG_WARN_EMPTY_BODY = YES;
				CLANG_WARN_ENUM_CONVERSION = YES;
				CLANG_WARN_INFINITE_RECURSION = YES;
				CLANG_WARN_INT_CONVERSION = YES;
				CLANG_WARN_NON_LITERAL_NULL_CONVERSION = YES;
				CLANG_WARN_OBJC_IMPLICIT_RETAIN_SELF = YES;
				CLANG_WARN_OBJC_LITERAL_CONVERSION = YES;
				CLANG_WARN_OBJC_ROOT_CLASS = YES_ERROR;
				CLANG_WARN_QUOTED_INCLUDE_IN_FRAMEWORK_HEADER = YES;
				CLANG_WARN_RANGE_LOOP_ANALYSIS = YES;
				CLANG_WARN_STRICT_PROTOTYPES = YES;
				CLANG_WARN_SUSPICIOUS_MOVE = YES;
				CLANG_WARN_UNGUARDED_AVAILABILITY = YES_AGGRESSIVE;
				CLANG_WARN_UNREACHABLE_CODE = YES;
				CLANG_WARN__DUPLICATE_METHOD_MATCH = YES;
				COPY_PHASE_STRIP = NO;
				DEBUG_INFORMATION_FORMAT = dwarf;
				ENABLE_STRICT_OBJC_MSGSEND = YES;
				ENABLE_TESTABILITY = YES;
				ENABLE_USER_SCRIPT_SANDBOXING = YES;
				GCC_C_LANGUAGE_STANDARD = gnu17;
				GCC_DYNAMIC_NO_PIC = NO;
				GCC_NO_COMMON_BLOCKS = YES;
				GCC_OPTIMIZATION_LEVEL = 0;
				GCC_PREPROCESSOR_DEFINITIONS = (
					"DEBUG=1",
					"$(inherited)",
				);
				GCC_WARN_64_TO_32_BIT_CONVERSION = YES;
				GCC_WARN_ABOUT_RETURN_TYPE = YES_ERROR;
				GCC_WARN_UNDECLARED_SELECTOR = YES;
				GCC_WARN_UNINITIALIZED_AUTOS = YES_AGGRESSIVE;
				GCC_WARN_UNUSED_FUNCTION = YES;
				GCC_WARN_UNUSED_VARIABLE = YES;
				IPHONEOS_DEPLOYMENT_TARGET = 17.0;
				LOCALIZATION_PREFERS_STRING_CATALOGS = YES;
				MTL_ENABLE_DEBUG_INFO = INCLUDE_SOURCE;
				MTL_FAST_MATH = YES;
				ONLY_ACTIVE_ARCH = YES;
				SDKROOT = iphoneos;
				SWIFT_ACTIVE_COMPILATION_CONDITIONS = "DEBUG $(inherited)";
				SWIFT_OPTIMIZATION_LEVEL = "-Onone";
			};
			name = Debug;
		};
		59D694932AF6178800FDA1C3 /* Release */ = {
			isa = XCBuildConfiguration;
			buildSettings = {
				ALWAYS_SEARCH_USER_PATHS = NO;
				ASSETCATALOG_COMPILER_GENERATE_SWIFT_ASSET_SYMBOL_EXTENSIONS = YES;
				CLANG_ANALYZER_NONNULL = YES;
				CLANG_ANALYZER_NUMBER_OBJECT_CONVERSION = YES_AGGRESSIVE;
				CLANG_CXX_LANGUAGE_STANDARD = "gnu++20";
				CLANG_ENABLE_MODULES = YES;
				CLANG_ENABLE_OBJC_ARC = YES;
				CLANG_ENABLE_OBJC_WEAK = YES;
				CLANG_WARN_BLOCK_CAPTURE_AUTORELEASING = YES;
				CLANG_WARN_BOOL_CONVERSION = YES;
				CLANG_WARN_COMMA = YES;
				CLANG_WARN_CONSTANT_CONVERSION = YES;
				CLANG_WARN_DEPRECATED_OBJC_IMPLEMENTATIONS = YES;
				CLANG_WARN_DIRECT_OBJC_ISA_USAGE = YES_ERROR;
				CLANG_WARN_DOCUMENTATION_COMMENTS = YES;
				CLANG_WARN_EMPTY_BODY = YES;
				CLANG_WARN_ENUM_CONVERSION = YES;
				CLANG_WARN_INFINITE_RECURSION = YES;
				CLANG_WARN_INT_CONVERSION = YES;
				CLANG_WARN_NON_LITERAL_NULL_CONVERSION = YES;
				CLANG_WARN_OBJC_IMPLICIT_RETAIN_SELF = YES;
				CLANG_WARN_OBJC_LITERAL_CONVERSION = YES;
				CLANG_WARN_OBJC_ROOT_CLASS = YES_ERROR;
				CLANG_WARN_QUOTED_INCLUDE_IN_FRAMEWORK_HEADER = YES;
				CLANG_WARN_RANGE_LOOP_ANALYSIS = YES;
				CLANG_WARN_STRICT_PROTOTYPES = YES;
				CLANG_WARN_SUSPICIOUS_MOVE = YES;
				CLANG_WARN_UNGUARDED_AVAILABILITY = YES_AGGRESSIVE;
				CLANG_WARN_UNREACHABLE_CODE = YES;
				CLANG_WARN__DUPLICATE_METHOD_MATCH = YES;
				COPY_PHASE_STRIP = NO;
				DEBUG_INFORMATION_FORMAT = "dwarf-with-dsym";
				ENABLE_NS_ASSERTIONS = NO;
				ENABLE_STRICT_OBJC_MSGSEND = YES;
				ENABLE_USER_SCRIPT_SANDBOXING = YES;
				GCC_C_LANGUAGE_STANDARD = gnu17;
				GCC_NO_COMMON_BLOCKS = YES;
				GCC_WARN_64_TO_32_BIT_CONVERSION = YES;
				GCC_WARN_ABOUT_RETURN_TYPE = YES_ERROR;
				GCC_WARN_UNDECLARED_SELECTOR = YES;
				GCC_WARN_UNINITIALIZED_AUTOS = YES_AGGRESSIVE;
				GCC_WARN_UNUSED_FUNCTION = YES;
				GCC_WARN_UNUSED_VARIABLE = YES;
				IPHONEOS_DEPLOYMENT_TARGET = 17.0;
				LOCALIZATION_PREFERS_STRING_CATALOGS = YES;
				MTL_ENABLE_DEBUG_INFO = NO;
				MTL_FAST_MATH = YES;
				SDKROOT = iphoneos;
				SWIFT_COMPILATION_MODE = wholemodule;
				VALIDATE_PRODUCT = YES;
			};
			name = Release;
		};
		59D694952AF6178800FDA1C3 /* Debug */ = {
			isa = XCBuildConfiguration;
			buildSettings = {
				ASSETCATALOG_COMPILER_APPICON_NAME = AppIcon;
				ASSETCATALOG_COMPILER_GLOBAL_ACCENT_COLOR_NAME = AccentColor;
				CODE_SIGN_STYLE = Automatic;
				CURRENT_PROJECT_VERSION = 1;
				DEVELOPMENT_ASSET_PATHS = "\"AudioAbyss/Preview Content\"";
				DEVELOPMENT_TEAM = 4LVL647LQT;
				ENABLE_PREVIEWS = YES;
				GENERATE_INFOPLIST_FILE = YES;
				INFOPLIST_FILE = AudioAbyss/Info.plist;
				INFOPLIST_KEY_UIApplicationSceneManifest_Generation = YES;
				INFOPLIST_KEY_UIApplicationSupportsIndirectInputEvents = YES;
				INFOPLIST_KEY_UILaunchScreen_Generation = YES;
				INFOPLIST_KEY_UISupportedInterfaceOrientations_iPad = "UIInterfaceOrientationPortrait UIInterfaceOrientationPortraitUpsideDown UIInterfaceOrientationLandscapeLeft UIInterfaceOrientationLandscapeRight";
				INFOPLIST_KEY_UISupportedInterfaceOrientations_iPhone = "UIInterfaceOrientationPortrait UIInterfaceOrientationLandscapeLeft UIInterfaceOrientationLandscapeRight";
				LD_RUNPATH_SEARCH_PATHS = (
					"$(inherited)",
					"@executable_path/Frameworks",
				);
				MARKETING_VERSION = 1.0;
				PRODUCT_BUNDLE_IDENTIFIER = com.deenod.AudioAbyss;
				PRODUCT_NAME = "$(TARGET_NAME)";
				SWIFT_EMIT_LOC_STRINGS = YES;
				SWIFT_VERSION = 5.0;
				TARGETED_DEVICE_FAMILY = "1,2";
			};
			name = Debug;
		};
		59D694962AF6178800FDA1C3 /* Release */ = {
			isa = XCBuildConfiguration;
			buildSettings = {
				ASSETCATALOG_COMPILER_APPICON_NAME = AppIcon;
				ASSETCATALOG_COMPILER_GLOBAL_ACCENT_COLOR_NAME = AccentColor;
				CODE_SIGN_STYLE = Automatic;
				CURRENT_PROJECT_VERSION = 1;
				DEVELOPMENT_ASSET_PATHS = "\"AudioAbyss/Preview Content\"";
				DEVELOPMENT_TEAM = 4LVL647LQT;
				ENABLE_PREVIEWS = YES;
				GENERATE_INFOPLIST_FILE = YES;
				INFOPLIST_FILE = AudioAbyss/Info.plist;
				INFOPLIST_KEY_UIApplicationSceneManifest_Generation = YES;
				INFOPLIST_KEY_UIApplicationSupportsIndirectInputEvents = YES;
				INFOPLIST_KEY_UILaunchScreen_Generation = YES;
				INFOPLIST_KEY_UISupportedInterfaceOrientations_iPad = "UIInterfaceOrientationPortrait UIInterfaceOrientationPortraitUpsideDown UIInterfaceOrientationLandscapeLeft UIInterfaceOrientationLandscapeRight";
				INFOPLIST_KEY_UISupportedInterfaceOrientations_iPhone = "UIInterfaceOrientationPortrait UIInterfaceOrientationLandscapeLeft UIInterfaceOrientationLandscapeRight";
				LD_RUNPATH_SEARCH_PATHS = (
					"$(inherited)",
					"@executable_path/Frameworks",
				);
				MARKETING_VERSION = 1.0;
				PRODUCT_BUNDLE_IDENTIFIER = com.deenod.AudioAbyss;
				PRODUCT_NAME = "$(TARGET_NAME)";
				SWIFT_EMIT_LOC_STRINGS = YES;
				SWIFT_VERSION = 5.0;
				TARGETED_DEVICE_FAMILY = "1,2";
			};
			name = Release;
		};
		59D694982AF6178800FDA1C3 /* Debug */ = {
			isa = XCBuildConfiguration;
			buildSettings = {
				ALWAYS_EMBED_SWIFT_STANDARD_LIBRARIES = YES;
				BUNDLE_LOADER = "$(TEST_HOST)";
				CODE_SIGN_STYLE = Automatic;
				CURRENT_PROJECT_VERSION = 1;
				DEVELOPMENT_TEAM = 4LVL647LQT;
				GENERATE_INFOPLIST_FILE = YES;
				IPHONEOS_DEPLOYMENT_TARGET = 17.0;
				MARKETING_VERSION = 1.0;
				PRODUCT_BUNDLE_IDENTIFIER = com.deenod.AudioAbyssTests;
				PRODUCT_NAME = "$(TARGET_NAME)";
				SWIFT_EMIT_LOC_STRINGS = NO;
				SWIFT_VERSION = 5.0;
				TARGETED_DEVICE_FAMILY = "1,2";
				TEST_HOST = "$(BUILT_PRODUCTS_DIR)/AudioAbyss.app/$(BUNDLE_EXECUTABLE_FOLDER_PATH)/AudioAbyss";
			};
			name = Debug;
		};
		59D694992AF6178800FDA1C3 /* Release */ = {
			isa = XCBuildConfiguration;
			buildSettings = {
				ALWAYS_EMBED_SWIFT_STANDARD_LIBRARIES = YES;
				BUNDLE_LOADER = "$(TEST_HOST)";
				CODE_SIGN_STYLE = Automatic;
				CURRENT_PROJECT_VERSION = 1;
				DEVELOPMENT_TEAM = 4LVL647LQT;
				GENERATE_INFOPLIST_FILE = YES;
				IPHONEOS_DEPLOYMENT_TARGET = 17.0;
				MARKETING_VERSION = 1.0;
				PRODUCT_BUNDLE_IDENTIFIER = com.deenod.AudioAbyssTests;
				PRODUCT_NAME = "$(TARGET_NAME)";
				SWIFT_EMIT_LOC_STRINGS = NO;
				SWIFT_VERSION = 5.0;
				TARGETED_DEVICE_FAMILY = "1,2";
				TEST_HOST = "$(BUILT_PRODUCTS_DIR)/AudioAbyss.app/$(BUNDLE_EXECUTABLE_FOLDER_PATH)/AudioAbyss";
			};
			name = Release;
		};
		59D6949B2AF6178800FDA1C3 /* Debug */ = {
			isa = XCBuildConfiguration;
			buildSettings = {
				ALWAYS_EMBED_SWIFT_STANDARD_LIBRARIES = YES;
				CODE_SIGN_STYLE = Automatic;
				CURRENT_PROJECT_VERSION = 1;
				DEVELOPMENT_TEAM = 4LVL647LQT;
				GENERATE_INFOPLIST_FILE = YES;
				MARKETING_VERSION = 1.0;
				PRODUCT_BUNDLE_IDENTIFIER = com.deenod.AudioAbyssUITests;
				PRODUCT_NAME = "$(TARGET_NAME)";
				SWIFT_EMIT_LOC_STRINGS = NO;
				SWIFT_VERSION = 5.0;
				TARGETED_DEVICE_FAMILY = "1,2";
				TEST_TARGET_NAME = AudioAbyss;
			};
			name = Debug;
		};
		59D6949C2AF6178800FDA1C3 /* Release */ = {
			isa = XCBuildConfiguration;
			buildSettings = {
				ALWAYS_EMBED_SWIFT_STANDARD_LIBRARIES = YES;
				CODE_SIGN_STYLE = Automatic;
				CURRENT_PROJECT_VERSION = 1;
				DEVELOPMENT_TEAM = 4LVL647LQT;
				GENERATE_INFOPLIST_FILE = YES;
				MARKETING_VERSION = 1.0;
				PRODUCT_BUNDLE_IDENTIFIER = com.deenod.AudioAbyssUITests;
				PRODUCT_NAME = "$(TARGET_NAME)";
				SWIFT_EMIT_LOC_STRINGS = NO;
				SWIFT_VERSION = 5.0;
				TARGETED_DEVICE_FAMILY = "1,2";
				TEST_TARGET_NAME = AudioAbyss;
			};
			name = Release;
		};
/* End XCBuildConfiguration section */

/* Begin XCConfigurationList section */
		59D6946B2AF6178600FDA1C3 /* Build configuration list for PBXProject "AudioAbyss" */ = {
			isa = XCConfigurationList;
			buildConfigurations = (
				59D694922AF6178800FDA1C3 /* Debug */,
				59D694932AF6178800FDA1C3 /* Release */,
			);
			defaultConfigurationIsVisible = 0;
			defaultConfigurationName = Release;
		};
		59D694942AF6178800FDA1C3 /* Build configuration list for PBXNativeTarget "AudioAbyss" */ = {
			isa = XCConfigurationList;
			buildConfigurations = (
				59D694952AF6178800FDA1C3 /* Debug */,
				59D694962AF6178800FDA1C3 /* Release */,
			);
			defaultConfigurationIsVisible = 0;
			defaultConfigurationName = Release;
		};
		59D694972AF6178800FDA1C3 /* Build configuration list for PBXNativeTarget "AudioAbyssTests" */ = {
			isa = XCConfigurationList;
			buildConfigurations = (
				59D694982AF6178800FDA1C3 /* Debug */,
				59D694992AF6178800FDA1C3 /* Release */,
			);
			defaultConfigurationIsVisible = 0;
			defaultConfigurationName = Release;
		};
		59D6949A2AF6178800FDA1C3 /* Build configuration list for PBXNativeTarget "AudioAbyssUITests" */ = {
			isa = XCConfigurationList;
			buildConfigurations = (
				59D6949B2AF6178800FDA1C3 /* Debug */,
				59D6949C2AF6178800FDA1C3 /* Release */,
			);
			defaultConfigurationIsVisible = 0;
			defaultConfigurationName = Release;
		};
/* End XCConfigurationList section */

/* Begin XCRemoteSwiftPackageReference section */
		59D694C82AFB06EA00FDA1C3 /* XCRemoteSwiftPackageReference "SDWebImageSwiftUI" */ = {
			isa = XCRemoteSwiftPackageReference;
			repositoryURL = "https://github.com/SDWebImage/SDWebImageSwiftUI.git";
			requirement = {
				kind = upToNextMajorVersion;
				minimumVersion = 2.2.4;
			};
		};
/* End XCRemoteSwiftPackageReference section */

/* Begin XCSwiftPackageProductDependency section */
		59D694C92AFB06EA00FDA1C3 /* SDWebImageSwiftUI */ = {
			isa = XCSwiftPackageProductDependency;
			package = 59D694C82AFB06EA00FDA1C3 /* XCRemoteSwiftPackageReference "SDWebImageSwiftUI" */;
			productName = SDWebImageSwiftUI;
		};
/* End XCSwiftPackageProductDependency section */
	};
	rootObject = 59D694682AF6178600FDA1C3 /* Project object */;
}
